PODS:
  - Flutter (1.0.0)
  - flutter_zsign_ffi (0.0.1):
    - Flutter
    - OpenSSL-Universal
  - OpenSSL-Universal (3.1.5004)

DEPENDENCIES:
  - Flutter (from `Flutter`)
  - flutter_zsign_ffi (from `.symlinks/plugins/flutter_zsign_ffi/ios`)

SPEC REPOS:
  trunk:
    - OpenSSL-Universal

EXTERNAL SOURCES:
  Flutter:
    :path: Flutter
  flutter_zsign_ffi:
    :path: ".symlinks/plugins/flutter_zsign_ffi/ios"

SPEC CHECKSUMS:
  Flutter: e0871f40cf51350855a761d2e70bf5af5b9b5de7
  flutter_zsign_ffi: d15c5b260be4a29ef6c0192243b494ef295c87ac
  OpenSSL-Universal: 0db2e81615ad95efc90ce13a638986858da38c0d

PODFILE CHECKSUM: 819463e6a0290f5a72f145ba7cde16e8b6ef0796

COCOAPODS: 1.15.2
